// !$*UTF8*$!
{
	archiveVersion = 1;
	classes = {
	};
	objectVersion = 60;
	objects = {

/* Begin PBXBuildFile section */
		415B9BB62C22F020002041F3 /* SwiftTestingPracticeApp.swift in Sources */ = {isa = PBXBuildFile; fileRef = 415B9BB52C22F020002041F3 /* SwiftTestingPracticeApp.swift */; };
		415B9BB82C22F020002041F3 /* ContentView.swift in Sources */ = {isa = PBXBuildFile; fileRef = 415B9BB72C22F020002041F3 /* ContentView.swift */; };
		415B9BBA2C22F021002041F3 /* Assets.xcassets in Resources */ = {isa = PBXBuildFile; fileRef = 415B9BB92C22F021002041F3 /* Assets.xcassets */; };
		415B9BBD2C22F021002041F3 /* Preview Assets.xcassets in Resources */ = {isa = PBXBuildFile; fileRef = 415B9BBC2C22F021002041F3 /* Preview Assets.xcassets */; };
		415B9BC72C22F021002041F3 /* SwiftTestingPracticeTests.swift in Sources */ = {isa = PBXBuildFile; fileRef = 415B9BC62C22F021002041F3 /* SwiftTestingPracticeTests.swift */; };
		415B9BD12C22F021002041F3 /* SwiftTestingPracticeUITests.swift in Sources */ = {isa = PBXBuildFile; fileRef = 415B9BD02C22F021002041F3 /* SwiftTestingPracticeUITests.swift */; };
		415B9BD32C22F021002041F3 /* SwiftTestingPracticeUITestsLaunchTests.swift in Sources */ = {isa = PBXBuildFile; fileRef = 415B9BD22C22F021002041F3 /* SwiftTestingPracticeUITestsLaunchTests.swift */; };
		415B9BE22C22F171002041F3 /* ColorPalette.swift in Sources */ = {isa = PBXBuildFile; fileRef = 415B9BE12C22F16C002041F3 /* ColorPalette.swift */; };
		415B9BE42C232D3D002041F3 /* XCTestPracticeTests.swift in Sources */ = {isa = PBXBuildFile; fileRef = 415B9BE32C232D3D002041F3 /* XCTestPracticeTests.swift */; };
		415B9BE62C233519002041F3 /* SwiftTestingPracticeTests2.swift in Sources */ = {isa = PBXBuildFile; fileRef = 415B9BE52C233519002041F3 /* SwiftTestingPracticeTests2.swift */; };
		415B9BE82C23375D002041F3 /* SwiftTestingPracticeTests3.swift in Sources */ = {isa = PBXBuildFile; fileRef = 415B9BE72C23375D002041F3 /* SwiftTestingPracticeTests3.swift */; };
		415B9BEA2C2338EC002041F3 /* SwiftTestingPracticeTests4.swift in Sources */ = {isa = PBXBuildFile; fileRef = 415B9BE92C2338EC002041F3 /* SwiftTestingPracticeTests4.swift */; };
		415B9BEE2C233DBC002041F3 /* XCTestPracticeTest2.swift in Sources */ = {isa = PBXBuildFile; fileRef = 415B9BED2C233DBC002041F3 /* XCTestPracticeTest2.swift */; };
		415B9BF22C233F5A002041F3 /* SwiftTestingPracticeTests5.swift in Sources */ = {isa = PBXBuildFile; fileRef = 415B9BF12C233F5A002041F3 /* SwiftTestingPracticeTests5.swift */; };
		415B9BF42C25869E002041F3 /* XCTestPracticeTest3.swift in Sources */ = {isa = PBXBuildFile; fileRef = 415B9BF32C25869E002041F3 /* XCTestPracticeTest3.swift */; };
/* End PBXBuildFile section */

/* Begin PBXContainerItemProxy section */
		415B9BC32C22F021002041F3 /* PBXContainerItemProxy */ = {
			isa = PBXContainerItemProxy;
			containerPortal = 415B9BAA2C22F020002041F3 /* Project object */;
			proxyType = 1;
			remoteGlobalIDString = 415B9BB12C22F020002041F3;
			remoteInfo = SwiftTestingPractice;
		};
		415B9BCD2C22F021002041F3 /* PBXContainerItemProxy */ = {
			isa = PBXContainerItemProxy;
			containerPortal = 415B9BAA2C22F020002041F3 /* Project object */;
			proxyType = 1;
			remoteGlobalIDString = 415B9BB12C22F020002041F3;
			remoteInfo = SwiftTestingPractice;
		};
/* End PBXContainerItemProxy section */

/* Begin PBXFileReference section */
		415B9BB22C22F020002041F3 /* SwiftTestingPractice.app */ = {isa = PBXFileReference; explicitFileType = wrapper.application; includeInIndex = 0; path = SwiftTestingPractice.app; sourceTree = BUILT_PRODUCTS_DIR; };
		415B9BB52C22F020002041F3 /* SwiftTestingPracticeApp.swift */ = {isa = PBXFileReference; lastKnownFileType = sourcecode.swift; path = SwiftTestingPracticeApp.swift; sourceTree = "<group>"; };
		415B9BB72C22F020002041F3 /* ContentView.swift */ = {isa = PBXFileReference; lastKnownFileType = sourcecode.swift; path = ContentView.swift; sourceTree = "<group>"; };
		415B9BB92C22F021002041F3 /* Assets.xcassets */ = {isa = PBXFileReference; lastKnownFileType = folder.assetcatalog; path = Assets.xcassets; sourceTree = "<group>"; };
		415B9BBC2C22F021002041F3 /* Preview Assets.xcassets */ = {isa = PBXFileReference; lastKnownFileType = folder.assetcatalog; path = "Preview Assets.xcassets"; sourceTree = "<group>"; };
		415B9BC22C22F021002041F3 /* SwiftTestingPracticeTests.xctest */ = {isa = PBXFileReference; explicitFileType = wrapper.cfbundle; includeInIndex = 0; path = SwiftTestingPracticeTests.xctest; sourceTree = BUILT_PRODUCTS_DIR; };
		415B9BC62C22F021002041F3 /* SwiftTestingPracticeTests.swift */ = {isa = PBXFileReference; lastKnownFileType = sourcecode.swift; path = SwiftTestingPracticeTests.swift; sourceTree = "<group>"; };
		415B9BCC2C22F021002041F3 /* SwiftTestingPracticeUITests.xctest */ = {isa = PBXFileReference; explicitFileType = wrapper.cfbundle; includeInIndex = 0; path = SwiftTestingPracticeUITests.xctest; sourceTree = BUILT_PRODUCTS_DIR; };
		415B9BD02C22F021002041F3 /* SwiftTestingPracticeUITests.swift */ = {isa = PBXFileReference; lastKnownFileType = sourcecode.swift; path = SwiftTestingPracticeUITests.swift; sourceTree = "<group>"; };
		415B9BD22C22F021002041F3 /* SwiftTestingPracticeUITestsLaunchTests.swift */ = {isa = PBXFileReference; lastKnownFileType = sourcecode.swift; path = SwiftTestingPracticeUITestsLaunchTests.swift; sourceTree = "<group>"; };
		415B9BE12C22F16C002041F3 /* ColorPalette.swift */ = {isa = PBXFileReference; lastKnownFileType = sourcecode.swift; path = ColorPalette.swift; sourceTree = "<group>"; };
		415B9BE32C232D3D002041F3 /* XCTestPracticeTests.swift */ = {isa = PBXFileReference; lastKnownFileType = sourcecode.swift; path = XCTestPracticeTests.swift; sourceTree = "<group>"; };
		415B9BE52C233519002041F3 /* SwiftTestingPracticeTests2.swift */ = {isa = PBXFileReference; lastKnownFileType = sourcecode.swift; path = SwiftTestingPracticeTests2.swift; sourceTree = "<group>"; };
		415B9BE72C23375D002041F3 /* SwiftTestingPracticeTests3.swift */ = {isa = PBXFileReference; lastKnownFileType = sourcecode.swift; path = SwiftTestingPracticeTests3.swift; sourceTree = "<group>"; };
		415B9BE92C2338EC002041F3 /* SwiftTestingPracticeTests4.swift */ = {isa = PBXFileReference; lastKnownFileType = sourcecode.swift; path = SwiftTestingPracticeTests4.swift; sourceTree = "<group>"; };
		415B9BED2C233DBC002041F3 /* XCTestPracticeTest2.swift */ = {isa = PBXFileReference; lastKnownFileType = sourcecode.swift; path = XCTestPracticeTest2.swift; sourceTree = "<group>"; };
		415B9BF12C233F5A002041F3 /* SwiftTestingPracticeTests5.swift */ = {isa = PBXFileReference; lastKnownFileType = sourcecode.swift; path = SwiftTestingPracticeTests5.swift; sourceTree = "<group>"; };
		415B9BF32C25869E002041F3 /* XCTestPracticeTest3.swift */ = {isa = PBXFileReference; lastKnownFileType = sourcecode.swift; path = XCTestPracticeTest3.swift; sourceTree = "<group>"; };
/* End PBXFileReference section */

/* Begin PBXFrameworksBuildPhase section */
		415B9BAF2C22F020002041F3 /* Frameworks */ = {
			isa = PBXFrameworksBuildPhase;
			buildActionMask = 2147483647;
			files = (
			);
			runOnlyForDeploymentPostprocessing = 0;
		};
		415B9BBF2C22F021002041F3 /* Frameworks */ = {
			isa = PBXFrameworksBuildPhase;
			buildActionMask = 2147483647;
			files = (
			);
			runOnlyForDeploymentPostprocessing = 0;
		};
		415B9BC92C22F021002041F3 /* Frameworks */ = {
			isa = PBXFrameworksBuildPhase;
			buildActionMask = 2147483647;
			files = (
			);
			runOnlyForDeploymentPostprocessing = 0;
		};
/* End PBXFrameworksBuildPhase section */

/* Begin PBXGroup section */
		415B9BA92C22F020002041F3 = {
			isa = PBXGroup;
			children = (
				415B9BB42C22F020002041F3 /* SwiftTestingPractice */,
				415B9BC52C22F021002041F3 /* SwiftTestingPracticeTests */,
				415B9BCF2C22F021002041F3 /* SwiftTestingPracticeUITests */,
				415B9BB32C22F020002041F3 /* Products */,
			);
			sourceTree = "<group>";
		};
		415B9BB32C22F020002041F3 /* Products */ = {
			isa = PBXGroup;
			children = (
				415B9BB22C22F020002041F3 /* SwiftTestingPractice.app */,
				415B9BC22C22F021002041F3 /* SwiftTestingPracticeTests.xctest */,
				415B9BCC2C22F021002041F3 /* SwiftTestingPracticeUITests.xctest */,
			);
			name = Products;
			sourceTree = "<group>";
		};
		415B9BB42C22F020002041F3 /* SwiftTestingPractice */ = {
			isa = PBXGroup;
			children = (
				415B9BE12C22F16C002041F3 /* ColorPalette.swift */,
				415B9BB52C22F020002041F3 /* SwiftTestingPracticeApp.swift */,
				415B9BB72C22F020002041F3 /* ContentView.swift */,
				415B9BB92C22F021002041F3 /* Assets.xcassets */,
				415B9BBB2C22F021002041F3 /* Preview Content */,
			);
			path = SwiftTestingPractice;
			sourceTree = "<group>";
		};
		415B9BBB2C22F021002041F3 /* Preview Content */ = {
			isa = PBXGroup;
			children = (
				415B9BBC2C22F021002041F3 /* Preview Assets.xcassets */,
			);
			path = "Preview Content";
			sourceTree = "<group>";
		};
		415B9BC52C22F021002041F3 /* SwiftTestingPracticeTests */ = {
			isa = PBXGroup;
			children = (
				415B9BC62C22F021002041F3 /* SwiftTestingPracticeTests.swift */,
				415B9BE52C233519002041F3 /* SwiftTestingPracticeTests2.swift */,
				415B9BE72C23375D002041F3 /* SwiftTestingPracticeTests3.swift */,
				415B9BE92C2338EC002041F3 /* SwiftTestingPracticeTests4.swift */,
				415B9BF12C233F5A002041F3 /* SwiftTestingPracticeTests5.swift */,
				415B9BE32C232D3D002041F3 /* XCTestPracticeTests.swift */,
				415B9BED2C233DBC002041F3 /* XCTestPracticeTest2.swift */,
				415B9BF32C25869E002041F3 /* XCTestPracticeTest3.swift */,
			);
			path = SwiftTestingPracticeTests;
			sourceTree = "<group>";
		};
		415B9BCF2C22F021002041F3 /* SwiftTestingPracticeUITests */ = {
			isa = PBXGroup;
			children = (
				415B9BD02C22F021002041F3 /* SwiftTestingPracticeUITests.swift */,
				415B9BD22C22F021002041F3 /* SwiftTestingPracticeUITestsLaunchTests.swift */,
			);
			path = SwiftTestingPracticeUITests;
			sourceTree = "<group>";
		};
/* End PBXGroup section */

/* Begin PBXNativeTarget section */
		415B9BB12C22F020002041F3 /* SwiftTestingPractice */ = {
			isa = PBXNativeTarget;
			buildConfigurationList = 415B9BD62C22F021002041F3 /* Build configuration list for PBXNativeTarget "SwiftTestingPractice" */;
			buildPhases = (
				415B9BAE2C22F020002041F3 /* Sources */,
				415B9BAF2C22F020002041F3 /* Frameworks */,
				415B9BB02C22F020002041F3 /* Resources */,
			);
			buildRules = (
			);
			dependencies = (
			);
			name = SwiftTestingPractice;
			productName = SwiftTestingPractice;
			productReference = 415B9BB22C22F020002041F3 /* SwiftTestingPractice.app */;
			productType = "com.apple.product-type.application";
		};
		415B9BC12C22F021002041F3 /* SwiftTestingPracticeTests */ = {
			isa = PBXNativeTarget;
			buildConfigurationList = 415B9BD92C22F021002041F3 /* Build configuration list for PBXNativeTarget "SwiftTestingPracticeTests" */;
			buildPhases = (
				415B9BBE2C22F021002041F3 /* Sources */,
				415B9BBF2C22F021002041F3 /* Frameworks */,
				415B9BC02C22F021002041F3 /* Resources */,
			);
			buildRules = (
			);
			dependencies = (
				415B9BC42C22F021002041F3 /* PBXTargetDependency */,
			);
			name = SwiftTestingPracticeTests;
			productName = SwiftTestingPracticeTests;
			productReference = 415B9BC22C22F021002041F3 /* SwiftTestingPracticeTests.xctest */;
			productType = "com.apple.product-type.bundle.unit-test";
		};
		415B9BCB2C22F021002041F3 /* SwiftTestingPracticeUITests */ = {
			isa = PBXNativeTarget;
			buildConfigurationList = 415B9BDC2C22F021002041F3 /* Build configuration list for PBXNativeTarget "SwiftTestingPracticeUITests" */;
			buildPhases = (
				415B9BC82C22F021002041F3 /* Sources */,
				415B9BC92C22F021002041F3 /* Frameworks */,
				415B9BCA2C22F021002041F3 /* Resources */,
			);
			buildRules = (
			);
			dependencies = (
				415B9BCE2C22F021002041F3 /* PBXTargetDependency */,
			);
			name = SwiftTestingPracticeUITests;
			productName = SwiftTestingPracticeUITests;
			productReference = 415B9BCC2C22F021002041F3 /* SwiftTestingPracticeUITests.xctest */;
			productType = "com.apple.product-type.bundle.ui-testing";
		};
/* End PBXNativeTarget section */

/* Begin PBXProject section */
		415B9BAA2C22F020002041F3 /* Project object */ = {
			isa = PBXProject;
			attributes = {
				BuildIndependentTargetsInParallel = 1;
				LastSwiftUpdateCheck = 1600;
				LastUpgradeCheck = 1600;
				TargetAttributes = {
					415B9BB12C22F020002041F3 = {
						CreatedOnToolsVersion = 16.0;
					};
					415B9BC12C22F021002041F3 = {
						CreatedOnToolsVersion = 16.0;
						TestTargetID = 415B9BB12C22F020002041F3;
					};
					415B9BCB2C22F021002041F3 = {
						CreatedOnToolsVersion = 16.0;
						TestTargetID = 415B9BB12C22F020002041F3;
					};
				};
			};
			buildConfigurationList = 415B9BAD2C22F020002041F3 /* Build configuration list for PBXProject "SwiftTestingPractice" */;
			compatibilityVersion = "Xcode 15.0";
			developmentRegion = en;
			hasScannedForEncodings = 0;
			knownRegions = (
				en,
				Base,
			);
			mainGroup = 415B9BA92C22F020002041F3;
			productRefGroup = 415B9BB32C22F020002041F3 /* Products */;
			projectDirPath = "";
			projectRoot = "";
			targets = (
				415B9BB12C22F020002041F3 /* SwiftTestingPractice */,
				415B9BC12C22F021002041F3 /* SwiftTestingPracticeTests */,
				415B9BCB2C22F021002041F3 /* SwiftTestingPracticeUITests */,
			);
		};
/* End PBXProject section */

/* Begin PBXResourcesBuildPhase section */
		415B9BB02C22F020002041F3 /* Resources */ = {
			isa = PBXResourcesBuildPhase;
			buildActionMask = 2147483647;
			files = (
				415B9BBD2C22F021002041F3 /* Preview Assets.xcassets in Resources */,
				415B9BBA2C22F021002041F3 /* Assets.xcassets in Resources */,
			);
			runOnlyForDeploymentPostprocessing = 0;
		};
		415B9BC02C22F021002041F3 /* Resources */ = {
			isa = PBXResourcesBuildPhase;
			buildActionMask = 2147483647;
			files = (
			);
			runOnlyForDeploymentPostprocessing = 0;
		};
		415B9BCA2C22F021002041F3 /* Resources */ = {
			isa = PBXResourcesBuildPhase;
			buildActionMask = 2147483647;
			files = (
			);
			runOnlyForDeploymentPostprocessing = 0;
		};
/* End PBXResourcesBuildPhase section */

/* Begin PBXSourcesBuildPhase section */
		415B9BAE2C22F020002041F3 /* Sources */ = {
			isa = PBXSourcesBuildPhase;
			buildActionMask = 2147483647;
			files = (
				415B9BB82C22F020002041F3 /* ContentView.swift in Sources */,
				415B9BE22C22F171002041F3 /* ColorPalette.swift in Sources */,
				415B9BB62C22F020002041F3 /* SwiftTestingPracticeApp.swift in Sources */,
			);
			runOnlyForDeploymentPostprocessing = 0;
		};
		415B9BBE2C22F021002041F3 /* Sources */ = {
			isa = PBXSourcesBuildPhase;
			buildActionMask = 2147483647;
			files = (
				415B9BEA2C2338EC002041F3 /* SwiftTestingPracticeTests4.swift in Sources */,
				415B9BE62C233519002041F3 /* SwiftTestingPracticeTests2.swift in Sources */,
				415B9BC72C22F021002041F3 /* SwiftTestingPracticeTests.swift in Sources */,
				415B9BE82C23375D002041F3 /* SwiftTestingPracticeTests3.swift in Sources */,
				415B9BEE2C233DBC002041F3 /* XCTestPracticeTest2.swift in Sources */,
				415B9BF42C25869E002041F3 /* XCTestPracticeTest3.swift in Sources */,
				415B9BF22C233F5A002041F3 /* SwiftTestingPracticeTests5.swift in Sources */,
				415B9BE42C232D3D002041F3 /* XCTestPracticeTests.swift in Sources */,
			);
			runOnlyForDeploymentPostprocessing = 0;
		};
		415B9BC82C22F021002041F3 /* Sources */ = {
			isa = PBXSourcesBuildPhase;
			buildActionMask = 2147483647;
			files = (
				415B9BD32C22F021002041F3 /* SwiftTestingPracticeUITestsLaunchTests.swift in Sources */,
				415B9BD12C22F021002041F3 /* SwiftTestingPracticeUITests.swift in Sources */,
			);
			runOnlyForDeploymentPostprocessing = 0;
		};
/* End PBXSourcesBuildPhase section */

/* Begin PBXTargetDependency section */
		415B9BC42C22F021002041F3 /* PBXTargetDependency */ = {
			isa = PBXTargetDependency;
			target = 415B9BB12C22F020002041F3 /* SwiftTestingPractice */;
			targetProxy = 415B9BC32C22F021002041F3 /* PBXContainerItemProxy */;
		};
		415B9BCE2C22F021002041F3 /* PBXTargetDependency */ = {
			isa = PBXTargetDependency;
			target = 415B9BB12C22F020002041F3 /* SwiftTestingPractice */;
			targetProxy = 415B9BCD2C22F021002041F3 /* PBXContainerItemProxy */;
		};
/* End PBXTargetDependency section */

/* Begin XCBuildConfiguration section */
		415B9BD42C22F021002041F3 /* Debug */ = {
			isa = XCBuildConfiguration;
			buildSettings = {
				ALWAYS_SEARCH_USER_PATHS = NO;
				ASSETCATALOG_COMPILER_GENERATE_SWIFT_ASSET_SYMBOL_EXTENSIONS = YES;
				CLANG_ANALYZER_NONNULL = YES;
				CLANG_ANALYZER_NUMBER_OBJECT_CONVERSION = YES_AGGRESSIVE;
				CLANG_CXX_LANGUAGE_STANDARD = "gnu++20";
				CLANG_ENABLE_MODULES = YES;
				CLANG_ENABLE_OBJC_ARC = YES;
				CLANG_ENABLE_OBJC_WEAK = YES;
				CLANG_WARN_BLOCK_CAPTURE_AUTORELEASING = YES;
				CLANG_WARN_BOOL_CONVERSION = YES;
				CLANG_WARN_COMMA = YES;
				CLANG_WARN_CONSTANT_CONVERSION = YES;
				CLANG_WARN_DEPRECATED_OBJC_IMPLEMENTATIONS = YES;
				CLANG_WARN_DIRECT_OBJC_ISA_USAGE = YES_ERROR;
				CLANG_WARN_DOCUMENTATION_COMMENTS = YES;
				CLANG_WARN_EMPTY_BODY = YES;
				CLANG_WARN_ENUM_CONVERSION = YES;
				CLANG_WARN_INFINITE_RECURSION = YES;
				CLANG_WARN_INT_CONVERSION = YES;
				CLANG_WARN_NON_LITERAL_NULL_CONVERSION = YES;
				CLANG_WARN_OBJC_IMPLICIT_RETAIN_SELF = YES;
				CLANG_WARN_OBJC_LITERAL_CONVERSION = YES;
				CLANG_WARN_OBJC_ROOT_CLASS = YES_ERROR;
				CLANG_WARN_QUOTED_INCLUDE_IN_FRAMEWORK_HEADER = YES;
				CLANG_WARN_RANGE_LOOP_ANALYSIS = YES;
				CLANG_WARN_STRICT_PROTOTYPES = YES;
				CLANG_WARN_SUSPICIOUS_MOVE = YES;
				CLANG_WARN_UNGUARDED_AVAILABILITY = YES_AGGRESSIVE;
				CLANG_WARN_UNREACHABLE_CODE = YES;
				CLANG_WARN__DUPLICATE_METHOD_MATCH = YES;
				COPY_PHASE_STRIP = NO;
				DEBUG_INFORMATION_FORMAT = dwarf;
				ENABLE_STRICT_OBJC_MSGSEND = YES;
				ENABLE_TESTABILITY = YES;
				ENABLE_USER_SCRIPT_SANDBOXING = YES;
				GCC_C_LANGUAGE_STANDARD = gnu17;
				GCC_DYNAMIC_NO_PIC = NO;
				GCC_NO_COMMON_BLOCKS = YES;
				GCC_OPTIMIZATION_LEVEL = 0;
				GCC_PREPROCESSOR_DEFINITIONS = (
					"DEBUG=1",
					"$(inherited)",
				);
				GCC_WARN_64_TO_32_BIT_CONVERSION = YES;
				GCC_WARN_ABOUT_RETURN_TYPE = YES_ERROR;
				GCC_WARN_UNDECLARED_SELECTOR = YES;
				GCC_WARN_UNINITIALIZED_AUTOS = YES_AGGRESSIVE;
				GCC_WARN_UNUSED_FUNCTION = YES;
				GCC_WARN_UNUSED_VARIABLE = YES;
				IPHONEOS_DEPLOYMENT_TARGET = 18.0;
				LOCALIZATION_PREFERS_STRING_CATALOGS = YES;
				MTL_ENABLE_DEBUG_INFO = INCLUDE_SOURCE;
				MTL_FAST_MATH = YES;
				ONLY_ACTIVE_ARCH = YES;
				SDKROOT = iphoneos;
				SWIFT_ACTIVE_COMPILATION_CONDITIONS = "DEBUG $(inherited)";
				SWIFT_OPTIMIZATION_LEVEL = "-Onone";
			};
			name = Debug;
		};
		415B9BD52C22F021002041F3 /* Release */ = {
			isa = XCBuildConfiguration;
			buildSettings = {
				ALWAYS_SEARCH_USER_PATHS = NO;
				ASSETCATALOG_COMPILER_GENERATE_SWIFT_ASSET_SYMBOL_EXTENSIONS = YES;
				CLANG_ANALYZER_NONNULL = YES;
				CLANG_ANALYZER_NUMBER_OBJECT_CONVERSION = YES_AGGRESSIVE;
				CLANG_CXX_LANGUAGE_STANDARD = "gnu++20";
				CLANG_ENABLE_MODULES = YES;
				CLANG_ENABLE_OBJC_ARC = YES;
				CLANG_ENABLE_OBJC_WEAK = YES;
				CLANG_WARN_BLOCK_CAPTURE_AUTORELEASING = YES;
				CLANG_WARN_BOOL_CONVERSION = YES;
				CLANG_WARN_COMMA = YES;
				CLANG_WARN_CONSTANT_CONVERSION = YES;
				CLANG_WARN_DEPRECATED_OBJC_IMPLEMENTATIONS = YES;
				CLANG_WARN_DIRECT_OBJC_ISA_USAGE = YES_ERROR;
				CLANG_WARN_DOCUMENTATION_COMMENTS = YES;
				CLANG_WARN_EMPTY_BODY = YES;
				CLANG_WARN_ENUM_CONVERSION = YES;
				CLANG_WARN_INFINITE_RECURSION = YES;
				CLANG_WARN_INT_CONVERSION = YES;
				CLANG_WARN_NON_LITERAL_NULL_CONVERSION = YES;
				CLANG_WARN_OBJC_IMPLICIT_RETAIN_SELF = YES;
				CLANG_WARN_OBJC_LITERAL_CONVERSION = YES;
				CLANG_WARN_OBJC_ROOT_CLASS = YES_ERROR;
				CLANG_WARN_QUOTED_INCLUDE_IN_FRAMEWORK_HEADER = YES;
				CLANG_WARN_RANGE_LOOP_ANALYSIS = YES;
				CLANG_WARN_STRICT_PROTOTYPES = YES;
				CLANG_WARN_SUSPICIOUS_MOVE = YES;
				CLANG_WARN_UNGUARDED_AVAILABILITY = YES_AGGRESSIVE;
				CLANG_WARN_UNREACHABLE_CODE = YES;
				CLANG_WARN__DUPLICATE_METHOD_MATCH = YES;
				COPY_PHASE_STRIP = NO;
				DEBUG_INFORMATION_FORMAT = "dwarf-with-dsym";
				ENABLE_NS_ASSERTIONS = NO;
				ENABLE_STRICT_OBJC_MSGSEND = YES;
				ENABLE_USER_SCRIPT_SANDBOXING = YES;
				GCC_C_LANGUAGE_STANDARD = gnu17;
				GCC_NO_COMMON_BLOCKS = YES;
				GCC_WARN_64_TO_32_BIT_CONVERSION = YES;
				GCC_WARN_ABOUT_RETURN_TYPE = YES_ERROR;
				GCC_WARN_UNDECLARED_SELECTOR = YES;
				GCC_WARN_UNINITIALIZED_AUTOS = YES_AGGRESSIVE;
				GCC_WARN_UNUSED_FUNCTION = YES;
				GCC_WARN_UNUSED_VARIABLE = YES;
				IPHONEOS_DEPLOYMENT_TARGET = 18.0;
				LOCALIZATION_PREFERS_STRING_CATALOGS = YES;
				MTL_ENABLE_DEBUG_INFO = NO;
				MTL_FAST_MATH = YES;
				SDKROOT = iphoneos;
				SWIFT_COMPILATION_MODE = wholemodule;
				VALIDATE_PRODUCT = YES;
			};
			name = Release;
		};
		415B9BD72C22F021002041F3 /* Debug */ = {
			isa = XCBuildConfiguration;
			buildSettings = {
				ASSETCATALOG_COMPILER_APPICON_NAME = AppIcon;
				ASSETCATALOG_COMPILER_GLOBAL_ACCENT_COLOR_NAME = AccentColor;
				CODE_SIGN_STYLE = Automatic;
				CURRENT_PROJECT_VERSION = 1;
				DEVELOPMENT_ASSET_PATHS = "\"SwiftTestingPractice/Preview Content\"";
				ENABLE_PREVIEWS = YES;
				GENERATE_INFOPLIST_FILE = YES;
				INFOPLIST_KEY_UIApplicationSceneManifest_Generation = YES;
				INFOPLIST_KEY_UIApplicationSupportsIndirectInputEvents = YES;
				INFOPLIST_KEY_UILaunchScreen_Generation = YES;
				INFOPLIST_KEY_UISupportedInterfaceOrientations_iPad = "UIInterfaceOrientationPortrait UIInterfaceOrientationPortraitUpsideDown UIInterfaceOrientationLandscapeLeft UIInterfaceOrientationLandscapeRight";
				INFOPLIST_KEY_UISupportedInterfaceOrientations_iPhone = "UIInterfaceOrientationPortrait UIInterfaceOrientationLandscapeLeft UIInterfaceOrientationLandscapeRight";
				LD_RUNPATH_SEARCH_PATHS = (
					"$(inherited)",
					"@executable_path/Frameworks",
				);
				MARKETING_VERSION = 1.0;
				PRODUCT_BUNDLE_IDENTIFIER = x17032xx.SwiftTestingPractice;
				PRODUCT_NAME = "$(TARGET_NAME)";
				SWIFT_EMIT_LOC_STRINGS = YES;
				SWIFT_VERSION = 5.0;
				TARGETED_DEVICE_FAMILY = "1,2";
			};
			name = Debug;
		};
		415B9BD82C22F021002041F3 /* Release */ = {
			isa = XCBuildConfiguration;
			buildSettings = {
				ASSETCATALOG_COMPILER_APPICON_NAME = AppIcon;
				ASSETCATALOG_COMPILER_GLOBAL_ACCENT_COLOR_NAME = AccentColor;
				CODE_SIGN_STYLE = Automatic;
				CURRENT_PROJECT_VERSION = 1;
				DEVELOPMENT_ASSET_PATHS = "\"SwiftTestingPractice/Preview Content\"";
				ENABLE_PREVIEWS = YES;
				GENERATE_INFOPLIST_FILE = YES;
				INFOPLIST_KEY_UIApplicationSceneManifest_Generation = YES;
				INFOPLIST_KEY_UIApplicationSupportsIndirectInputEvents = YES;
				INFOPLIST_KEY_UILaunchScreen_Generation = YES;
				INFOPLIST_KEY_UISupportedInterfaceOrientations_iPad = "UIInterfaceOrientationPortrait UIInterfaceOrientationPortraitUpsideDown UIInterfaceOrientationLandscapeLeft UIInterfaceOrientationLandscapeRight";
				INFOPLIST_KEY_UISupportedInterfaceOrientations_iPhone = "UIInterfaceOrientationPortrait UIInterfaceOrientationLandscapeLeft UIInterfaceOrientationLandscapeRight";
				LD_RUNPATH_SEARCH_PATHS = (
					"$(inherited)",
					"@executable_path/Frameworks",
				);
				MARKETING_VERSION = 1.0;
				PRODUCT_BUNDLE_IDENTIFIER = x17032xx.SwiftTestingPractice;
				PRODUCT_NAME = "$(TARGET_NAME)";
				SWIFT_EMIT_LOC_STRINGS = YES;
				SWIFT_VERSION = 5.0;
				TARGETED_DEVICE_FAMILY = "1,2";
			};
			name = Release;
		};
		415B9BDA2C22F021002041F3 /* Debug */ = {
			isa = XCBuildConfiguration;
			buildSettings = {
				BUNDLE_LOADER = "$(TEST_HOST)";
				CODE_SIGN_STYLE = Automatic;
				CURRENT_PROJECT_VERSION = 1;
				GENERATE_INFOPLIST_FILE = YES;
				IPHONEOS_DEPLOYMENT_TARGET = 18.0;
				MARKETING_VERSION = 1.0;
				PRODUCT_BUNDLE_IDENTIFIER = x17032xx.SwiftTestingPracticeTests;
				PRODUCT_NAME = "$(TARGET_NAME)";
				SWIFT_EMIT_LOC_STRINGS = NO;
				SWIFT_VERSION = 5.0;
				TARGETED_DEVICE_FAMILY = "1,2";
				TEST_HOST = "$(BUILT_PRODUCTS_DIR)/SwiftTestingPractice.app/$(BUNDLE_EXECUTABLE_FOLDER_PATH)/SwiftTestingPractice";
			};
			name = Debug;
		};
		415B9BDB2C22F021002041F3 /* Release */ = {
			isa = XCBuildConfiguration;
			buildSettings = {
				BUNDLE_LOADER = "$(TEST_HOST)";
				CODE_SIGN_STYLE = Automatic;
				CURRENT_PROJECT_VERSION = 1;
				GENERATE_INFOPLIST_FILE = YES;
				IPHONEOS_DEPLOYMENT_TARGET = 18.0;
				MARKETING_VERSION = 1.0;
				PRODUCT_BUNDLE_IDENTIFIER = x17032xx.SwiftTestingPracticeTests;
				PRODUCT_NAME = "$(TARGET_NAME)";
				SWIFT_EMIT_LOC_STRINGS = NO;
				SWIFT_VERSION = 5.0;
				TARGETED_DEVICE_FAMILY = "1,2";
				TEST_HOST = "$(BUILT_PRODUCTS_DIR)/SwiftTestingPractice.app/$(BUNDLE_EXECUTABLE_FOLDER_PATH)/SwiftTestingPractice";
			};
			name = Release;
		};
		415B9BDD2C22F021002041F3 /* Debug */ = {
			isa = XCBuildConfiguration;
			buildSettings = {
				CODE_SIGN_STYLE = Automatic;
				CURRENT_PROJECT_VERSION = 1;
				GENERATE_INFOPLIST_FILE = YES;
				MARKETING_VERSION = 1.0;
				PRODUCT_BUNDLE_IDENTIFIER = x17032xx.SwiftTestingPracticeUITests;
				PRODUCT_NAME = "$(TARGET_NAME)";
				SWIFT_EMIT_LOC_STRINGS = NO;
				SWIFT_VERSION = 5.0;
				TARGETED_DEVICE_FAMILY = "1,2";
				TEST_TARGET_NAME = SwiftTestingPractice;
			};
			name = Debug;
		};
		415B9BDE2C22F021002041F3 /* Release */ = {
			isa = XCBuildConfiguration;
			buildSettings = {
				CODE_SIGN_STYLE = Automatic;
				CURRENT_PROJECT_VERSION = 1;
				GENERATE_INFOPLIST_FILE = YES;
				MARKETING_VERSION = 1.0;
				PRODUCT_BUNDLE_IDENTIFIER = x17032xx.SwiftTestingPracticeUITests;
				PRODUCT_NAME = "$(TARGET_NAME)";
				SWIFT_EMIT_LOC_STRINGS = NO;
				SWIFT_VERSION = 5.0;
				TARGETED_DEVICE_FAMILY = "1,2";
				TEST_TARGET_NAME = SwiftTestingPractice;
			};
			name = Release;
		};
/* End XCBuildConfiguration section */

/* Begin XCConfigurationList section */
		415B9BAD2C22F020002041F3 /* Build configuration list for PBXProject "SwiftTestingPractice" */ = {
			isa = XCConfigurationList;
			buildConfigurations = (
				415B9BD42C22F021002041F3 /* Debug */,
				415B9BD52C22F021002041F3 /* Release */,
			);
			defaultConfigurationIsVisible = 0;
			defaultConfigurationName = Release;
		};
		415B9BD62C22F021002041F3 /* Build configuration list for PBXNativeTarget "SwiftTestingPractice" */ = {
			isa = XCConfigurationList;
			buildConfigurations = (
				415B9BD72C22F021002041F3 /* Debug */,
				415B9BD82C22F021002041F3 /* Release */,
			);
			defaultConfigurationIsVisible = 0;
			defaultConfigurationName = Release;
		};
		415B9BD92C22F021002041F3 /* Build configuration list for PBXNativeTarget "SwiftTestingPracticeTests" */ = {
			isa = XCConfigurationList;
			buildConfigurations = (
				415B9BDA2C22F021002041F3 /* Debug */,
				415B9BDB2C22F021002041F3 /* Release */,
			);
			defaultConfigurationIsVisible = 0;
			defaultConfigurationName = Release;
		};
		415B9BDC2C22F021002041F3 /* Build configuration list for PBXNativeTarget "SwiftTestingPracticeUITests" */ = {
			isa = XCConfigurationList;
			buildConfigurations = (
				415B9BDD2C22F021002041F3 /* Debug */,
				415B9BDE2C22F021002041F3 /* Release */,
			);
			defaultConfigurationIsVisible = 0;
			defaultConfigurationName = Release;
		};
/* End XCConfigurationList section */
	};
	rootObject = 415B9BAA2C22F020002041F3 /* Project object */;
}
